
Microsoft Visual Studio Solution File, Format Version 12.00
# Visual Studio Version 17
VisualStudioVersion = 17.7.34221.43
MinimumVisualStudioVersion = 10.0.40219.1
Project("{FAE04EC0-301F-11D3-BF4B-00C04F79EFBC}") = "IdentityApp", "IdentityApp\IdentityApp.csproj", "{1BF1DAED-5604-4045-838F-D4421D3A5D25}"
EndProject
Global
	GlobalSection(SolutionConfigurationPlatforms) = preSolution
		Debug|Any CPU = Debug|Any CPU
		Release|Any CPU = Release|Any CPU
	EndGlobalSection
	GlobalSection(ProjectConfigurationPlatforms) = postSolution
		{1BF1DAED-5604-4045-838F-D4421D3A5D25}.Debug|Any CPU.ActiveCfg = Debug|Any CPU
		{1BF1DAED-5604-4045-838F-D4421D3A5D25}.Debug|Any CPU.Build.0 = Debug|Any CPU
		{1BF1DAED-5604-4045-838F-D4421D3A5D25}.Release|Any CPU.ActiveCfg = Release|Any CPU
		{1BF1DAED-5604-4045-838F-D4421D3A5D25}.Release|Any CPU.Build.0 = Release|Any CPU
	EndGlobalSection
	GlobalSection(SolutionProperties) = preSolution
		HideSolutionNode = FALSE
	EndGlobalSection
	GlobalSection(ExtensibilityGlobals) = postSolution
		SolutionGuid = {D6F296C8-4F72-465A-9873-A3DD390DB866}
	EndGlobalSection
EndGlobal
